// !$*UTF8*$!
{
	archiveVersion = 1;
	classes = {
	};
	objectVersion = 50;
	objects = {

/* Begin PBXBuildFile section */
		9064C8AF24841A1000BB166D /* AppDelegate.swift in Sources */ = {isa = PBXBuildFile; fileRef = 9064C8AE24841A1000BB166D /* AppDelegate.swift */; };
		9064C8B124841A1000BB166D /* SceneDelegate.swift in Sources */ = {isa = PBXBuildFile; fileRef = 9064C8B024841A1000BB166D /* SceneDelegate.swift */; };
		9064C8B324841A1000BB166D /* ViewController.swift in Sources */ = {isa = PBXBuildFile; fileRef = 9064C8B224841A1000BB166D /* ViewController.swift */; };
		9064C8B624841A1000BB166D /* Main.storyboard in Resources */ = {isa = PBXBuildFile; fileRef = 9064C8B424841A1000BB166D /* Main.storyboard */; };
		9064C8B824841A1100BB166D /* Assets.xcassets in Resources */ = {isa = PBXBuildFile; fileRef = 9064C8B724841A1100BB166D /* Assets.xcassets */; };
		9064C8BB24841A1100BB166D /* LaunchScreen.storyboard in Resources */ = {isa = PBXBuildFile; fileRef = 9064C8B924841A1100BB166D /* LaunchScreen.storyboard */; };
		90872DA724A8A8F600A0DB49 /* DetailViewController.swift in Sources */ = {isa = PBXBuildFile; fileRef = 90872DA624A8A8F600A0DB49 /* DetailViewController.swift */; };
/* End PBXBuildFile section */

/* Begin PBXFileReference section */
		9064C8AB24841A1000BB166D /* universalLink.app */ = {isa = PBXFileReference; explicitFileType = wrapper.application; includeInIndex = 0; path = universalLink.app; sourceTree = BUILT_PRODUCTS_DIR; };
		9064C8AE24841A1000BB166D /* AppDelegate.swift */ = {isa = PBXFileReference; lastKnownFileType = sourcecode.swift; path = AppDelegate.swift; sourceTree = "<group>"; };
		9064C8B024841A1000BB166D /* SceneDelegate.swift */ = {isa = PBXFileReference; lastKnownFileType = sourcecode.swift; path = SceneDelegate.swift; sourceTree = "<group>"; };
		9064C8B224841A1000BB166D /* ViewController.swift */ = {isa = PBXFileReference; lastKnownFileType = sourcecode.swift; path = ViewController.swift; sourceTree = "<group>"; };
		9064C8B524841A1000BB166D /* Base */ = {isa = PBXFileReference; lastKnownFileType = file.storyboard; name = Base; path = Base.lproj/Main.storyboard; sourceTree = "<group>"; };
		9064C8B724841A1100BB166D /* Assets.xcassets */ = {isa = PBXFileReference; lastKnownFileType = folder.assetcatalog; path = Assets.xcassets; sourceTree = "<group>"; };
		9064C8BA24841A1100BB166D /* Base */ = {isa = PBXFileReference; lastKnownFileType = file.storyboard; name = Base; path = Base.lproj/LaunchScreen.storyboard; sourceTree = "<group>"; };
		9064C8BC24841A1100BB166D /* Info.plist */ = {isa = PBXFileReference; lastKnownFileType = text.plist.xml; path = Info.plist; sourceTree = "<group>"; };
		9064C8C224841A7800BB166D /* universalLink.entitlements */ = {isa = PBXFileReference; lastKnownFileType = text.plist.entitlements; path = universalLink.entitlements; sourceTree = "<group>"; };
		90872DA624A8A8F600A0DB49 /* DetailViewController.swift */ = {isa = PBXFileReference; lastKnownFileType = sourcecode.swift; path = DetailViewController.swift; sourceTree = "<group>"; };
/* End PBXFileReference section */

/* Begin PBXFrameworksBuildPhase section */
		9064C8A824841A1000BB166D /* Frameworks */ = {
			isa = PBXFrameworksBuildPhase;
			buildActionMask = 2147483647;
			files = (
			);
			runOnlyForDeploymentPostprocessing = 0;
		};
/* End PBXFrameworksBuildPhase section */

/* Begin PBXGroup section */
		9064C8A224841A1000BB166D = {
			isa = PBXGroup;
			children = (
				9064C8AD24841A1000BB166D /* universalLink */,
				9064C8AC24841A1000BB166D /* Products */,
			);
			sourceTree = "<group>";
		};
		9064C8AC24841A1000BB166D /* Products */ = {
			isa = PBXGroup;
			children = (
				9064C8AB24841A1000BB166D /* universalLink.app */,
			);
			name = Products;
			sourceTree = "<group>";
		};
		9064C8AD24841A1000BB166D /* universalLink */ = {
			isa = PBXGroup;
			children = (
				9064C8C224841A7800BB166D /* universalLink.entitlements */,
				9064C8AE24841A1000BB166D /* AppDelegate.swift */,
				9064C8B024841A1000BB166D /* SceneDelegate.swift */,
				9064C8B224841A1000BB166D /* ViewController.swift */,
				9064C8B424841A1000BB166D /* Main.storyboard */,
				9064C8B724841A1100BB166D /* Assets.xcassets */,
				9064C8B924841A1100BB166D /* LaunchScreen.storyboard */,
				9064C8BC24841A1100BB166D /* Info.plist */,
				90872DA624A8A8F600A0DB49 /* DetailViewController.swift */,
			);
			path = universalLink;
			sourceTree = "<group>";
		};
/* End PBXGroup section */

/* Begin PBXNativeTarget section */
		9064C8AA24841A1000BB166D /* universalLink */ = {
			isa = PBXNativeTarget;
			buildConfigurationList = 9064C8BF24841A1100BB166D /* Build configuration list for PBXNativeTarget "universalLink" */;
			buildPhases = (
				9064C8A724841A1000BB166D /* Sources */,
				9064C8A824841A1000BB166D /* Frameworks */,
				9064C8A924841A1000BB166D /* Resources */,
			);
			buildRules = (
			);
			dependencies = (
			);
			name = universalLink;
			productName = universalLink;
			productReference = 9064C8AB24841A1000BB166D /* universalLink.app */;
			productType = "com.apple.product-type.application";
		};
/* End PBXNativeTarget section */

/* Begin PBXProject section */
		9064C8A324841A1000BB166D /* Project object */ = {
			isa = PBXProject;
			attributes = {
				LastSwiftUpdateCheck = 1130;
				LastUpgradeCheck = 1130;
				ORGANIZATIONNAME = mobilerdev;
				TargetAttributes = {
					9064C8AA24841A1000BB166D = {
						CreatedOnToolsVersion = 11.3;
					};
				};
			};
			buildConfigurationList = 9064C8A624841A1000BB166D /* Build configuration list for PBXProject "universalLink" */;
			compatibilityVersion = "Xcode 9.3";
			developmentRegion = en;
			hasScannedForEncodings = 0;
			knownRegions = (
				en,
				Base,
			);
			mainGroup = 9064C8A224841A1000BB166D;
			productRefGroup = 9064C8AC24841A1000BB166D /* Products */;
			projectDirPath = "";
			projectRoot = "";
			targets = (
				9064C8AA24841A1000BB166D /* universalLink */,
			);
		};
/* End PBXProject section */

/* Begin PBXResourcesBuildPhase section */
		9064C8A924841A1000BB166D /* Resources */ = {
			isa = PBXResourcesBuildPhase;
			buildActionMask = 2147483647;
			files = (
				9064C8BB24841A1100BB166D /* LaunchScreen.storyboard in Resources */,
				9064C8B824841A1100BB166D /* Assets.xcassets in Resources */,
				9064C8B624841A1000BB166D /* Main.storyboard in Resources */,
			);
			runOnlyForDeploymentPostprocessing = 0;
		};
/* End PBXResourcesBuildPhase section */

/* Begin PBXSourcesBuildPhase section */
		9064C8A724841A1000BB166D /* Sources */ = {
			isa = PBXSourcesBuildPhase;
			buildActionMask = 2147483647;
			files = (
				9064C8B324841A1000BB166D /* ViewController.swift in Sources */,
				9064C8AF24841A1000BB166D /* AppDelegate.swift in Sources */,
				9064C8B124841A1000BB166D /* SceneDelegate.swift in Sources */,
				90872DA724A8A8F600A0DB49 /* DetailViewController.swift in Sources */,
			);
			runOnlyForDeploymentPostprocessing = 0;
		};
/* End PBXSourcesBuildPhase section */

/* Begin PBXVariantGroup section */
		9064C8B424841A1000BB166D /* Main.storyboard */ = {
			isa = PBXVariantGroup;
			children = (
				9064C8B524841A1000BB166D /* Base */,
			);
			name = Main.storyboard;
			sourceTree = "<group>";
		};
		9064C8B924841A1100BB166D /* LaunchScreen.storyboard */ = {
			isa = PBXVariantGroup;
			children = (
				9064C8BA24841A1100BB166D /* Base */,
			);
			name = LaunchScreen.storyboard;
			sourceTree = "<group>";
		};
/* End PBXVariantGroup section */

/* Begin XCBuildConfiguration section */
		9064C8BD24841A1100BB166D /* Debug */ = {
			isa = XCBuildConfiguration;
			buildSettings = {
				ALWAYS_SEARCH_USER_PATHS = NO;
				CLANG_ANALYZER_NONNULL = YES;
				CLANG_ANALYZER_NUMBER_OBJECT_CONVERSION = YES_AGGRESSIVE;
				CLANG_CXX_LANGUAGE_STANDARD = "gnu++14";
				CLANG_CXX_LIBRARY = "libc++";
				CLANG_ENABLE_MODULES = YES;
				CLANG_ENABLE_OBJC_ARC = YES;
				CLANG_ENABLE_OBJC_WEAK = YES;
				CLANG_WARN_BLOCK_CAPTURE_AUTORELEASING = YES;
				CLANG_WARN_BOOL_CONVERSION = YES;
				CLANG_WARN_COMMA = YES;
				CLANG_WARN_CONSTANT_CONVERSION = YES;
				CLANG_WARN_DEPRECATED_OBJC_IMPLEMENTATIONS = YES;
				CLANG_WARN_DIRECT_OBJC_ISA_USAGE = YES_ERROR;
				CLANG_WARN_DOCUMENTATION_COMMENTS = YES;
				CLANG_WARN_EMPTY_BODY = YES;
				CLANG_WARN_ENUM_CONVERSION = YES;
				CLANG_WARN_INFINITE_RECURSION = YES;
				CLANG_WARN_INT_CONVERSION = YES;
				CLANG_WARN_NON_LITERAL_NULL_CONVERSION = YES;
				CLANG_WARN_OBJC_IMPLICIT_RETAIN_SELF = YES;
				CLANG_WARN_OBJC_LITERAL_CONVERSION = YES;
				CLANG_WARN_OBJC_ROOT_CLASS = YES_ERROR;
				CLANG_WARN_RANGE_LOOP_ANALYSIS = YES;
				CLANG_WARN_STRICT_PROTOTYPES = YES;
				CLANG_WARN_SUSPICIOUS_MOVE = YES;
				CLANG_WARN_UNGUARDED_AVAILABILITY = YES_AGGRESSIVE;
				CLANG_WARN_UNREACHABLE_CODE = YES;
				CLANG_WARN__DUPLICATE_METHOD_MATCH = YES;
				COPY_PHASE_STRIP = NO;
				DEBUG_INFORMATION_FORMAT = dwarf;
				ENABLE_STRICT_OBJC_MSGSEND = YES;
				ENABLE_TESTABILITY = YES;
				GCC_C_LANGUAGE_STANDARD = gnu11;
				GCC_DYNAMIC_NO_PIC = NO;
				GCC_NO_COMMON_BLOCKS = YES;
				GCC_OPTIMIZATION_LEVEL = 0;
				GCC_PREPROCESSOR_DEFINITIONS = (
					"DEBUG=1",
					"$(inherited)",
				);
				GCC_WARN_64_TO_32_BIT_CONVERSION = YES;
				GCC_WARN_ABOUT_RETURN_TYPE = YES_ERROR;
				GCC_WARN_UNDECLARED_SELECTOR = YES;
				GCC_WARN_UNINITIALIZED_AUTOS = YES_AGGRESSIVE;
				GCC_WARN_UNUSED_FUNCTION = YES;
				GCC_WARN_UNUSED_VARIABLE = YES;
				IPHONEOS_DEPLOYMENT_TARGET = 13.2;
				MTL_ENABLE_DEBUG_INFO = INCLUDE_SOURCE;
				MTL_FAST_MATH = YES;
				ONLY_ACTIVE_ARCH = YES;
				SDKROOT = iphoneos;
				SWIFT_ACTIVE_COMPILATION_CONDITIONS = DEBUG;
				SWIFT_OPTIMIZATION_LEVEL = "-Onone";
			};
			name = Debug;
		};
		9064C8BE24841A1100BB166D /* Release */ = {
			isa = XCBuildConfiguration;
			buildSettings = {
				ALWAYS_SEARCH_USER_PATHS = NO;
				CLANG_ANALYZER_NONNULL = YES;
				CLANG_ANALYZER_NUMBER_OBJECT_CONVERSION = YES_AGGRESSIVE;
				CLANG_CXX_LANGUAGE_STANDARD = "gnu++14";
				CLANG_CXX_LIBRARY = "libc++";
				CLANG_ENABLE_MODULES = YES;
				CLANG_ENABLE_OBJC_ARC = YES;
				CLANG_ENABLE_OBJC_WEAK = YES;
				CLANG_WARN_BLOCK_CAPTURE_AUTORELEASING = YES;
				CLANG_WARN_BOOL_CONVERSION = YES;
				CLANG_WARN_COMMA = YES;
				CLANG_WARN_CONSTANT_CONVERSION = YES;
				CLANG_WARN_DEPRECATED_OBJC_IMPLEMENTATIONS = YES;
				CLANG_WARN_DIRECT_OBJC_ISA_USAGE = YES_ERROR;
				CLANG_WARN_DOCUMENTATION_COMMENTS = YES;
				CLANG_WARN_EMPTY_BODY = YES;
				CLANG_WARN_ENUM_CONVERSION = YES;
				CLANG_WARN_INFINITE_RECURSION = YES;
				CLANG_WARN_INT_CONVERSION = YES;
				CLANG_WARN_NON_LITERAL_NULL_CONVERSION = YES;
				CLANG_WARN_OBJC_IMPLICIT_RETAIN_SELF = YES;
				CLANG_WARN_OBJC_LITERAL_CONVERSION = YES;
				CLANG_WARN_OBJC_ROOT_CLASS = YES_ERROR;
				CLANG_WARN_RANGE_LOOP_ANALYSIS = YES;
				CLANG_WARN_STRICT_PROTOTYPES = YES;
				CLANG_WARN_SUSPICIOUS_MOVE = YES;
				CLANG_WARN_UNGUARDED_AVAILABILITY = YES_AGGRESSIVE;
				CLANG_WARN_UNREACHABLE_CODE = YES;
				CLANG_WARN__DUPLICATE_METHOD_MATCH = YES;
				COPY_PHASE_STRIP = NO;
				DEBUG_INFORMATION_FORMAT = "dwarf-with-dsym";
				ENABLE_NS_ASSERTIONS = NO;
				ENABLE_STRICT_OBJC_MSGSEND = YES;
				GCC_C_LANGUAGE_STANDARD = gnu11;
				GCC_NO_COMMON_BLOCKS = YES;
				GCC_WARN_64_TO_32_BIT_CONVERSION = YES;
				GCC_WARN_ABOUT_RETURN_TYPE = YES_ERROR;
				GCC_WARN_UNDECLARED_SELECTOR = YES;
				GCC_WARN_UNINITIALIZED_AUTOS = YES_AGGRESSIVE;
				GCC_WARN_UNUSED_FUNCTION = YES;
				GCC_WARN_UNUSED_VARIABLE = YES;
				IPHONEOS_DEPLOYMENT_TARGET = 13.2;
				MTL_ENABLE_DEBUG_INFO = NO;
				MTL_FAST_MATH = YES;
				SDKROOT = iphoneos;
				SWIFT_COMPILATION_MODE = wholemodule;
				SWIFT_OPTIMIZATION_LEVEL = "-O";
				VALIDATE_PRODUCT = YES;
			};
			name = Release;
		};
		9064C8C024841A1100BB166D /* Debug */ = {
			isa = XCBuildConfiguration;
			buildSettings = {
				ASSETCATALOG_COMPILER_APPICON_NAME = AppIcon;
				CODE_SIGN_ENTITLEMENTS = universalLink/universalLink.entitlements;
				CODE_SIGN_STYLE = Automatic;
				DEVELOPMENT_TEAM = LZD85Q5WB3;
				INFOPLIST_FILE = universalLink/Info.plist;
				LD_RUNPATH_SEARCH_PATHS = (
					"$(inherited)",
					"@executable_path/Frameworks",
				);
				PRODUCT_BUNDLE_IDENTIFIER = com.mobilerdev.universalLink;
				PRODUCT_NAME = "$(TARGET_NAME)";
				SWIFT_VERSION = 5.0;
				TARGETED_DEVICE_FAMILY = "1,2";
			};
			name = Debug;
		};
		9064C8C124841A1100BB166D /* Release */ = {
			isa = XCBuildConfiguration;
			buildSettings = {
				ASSETCATALOG_COMPILER_APPICON_NAME = AppIcon;
				CODE_SIGN_ENTITLEMENTS = universalLink/universalLink.entitlements;
				CODE_SIGN_STYLE = Automatic;
				DEVELOPMENT_TEAM = LZD85Q5WB3;
				INFOPLIST_FILE = universalLink/Info.plist;
				LD_RUNPATH_SEARCH_PATHS = (
					"$(inherited)",
					"@executable_path/Frameworks",
				);
				PRODUCT_BUNDLE_IDENTIFIER = com.mobilerdev.universalLink;
				PRODUCT_NAME = "$(TARGET_NAME)";
				SWIFT_VERSION = 5.0;
				TARGETED_DEVICE_FAMILY = "1,2";
			};
			name = Release;
		};
/* End XCBuildConfiguration section */

/* Begin XCConfigurationList section */
		9064C8A624841A1000BB166D /* Build configuration list for PBXProject "universalLink" */ = {
			isa = XCConfigurationList;
			buildConfigurations = (
				9064C8BD24841A1100BB166D /* Debug */,
				9064C8BE24841A1100BB166D /* Release */,
			);
			defaultConfigurationIsVisible = 0;
			defaultConfigurationName = Release;
		};
		9064C8BF24841A1100BB166D /* Build configuration list for PBXNativeTarget "universalLink" */ = {
			isa = XCConfigurationList;
			buildConfigurations = (
				9064C8C024841A1100BB166D /* Debug */,
				9064C8C124841A1100BB166D /* Release */,
			);
			defaultConfigurationIsVisible = 0;
			defaultConfigurationName = Release;
		};
/* End XCConfigurationList section */
	};
	rootObject = 9064C8A324841A1000BB166D /* Project object */;
}
